
Microsoft Visual Studio Solution File, Format Version 12.00
# Visual Studio 15
VisualStudioVersion = 15.0.28307.168
MinimumVisualStudioVersion = 10.0.40219.1
Project("{FAE04EC0-301F-11D3-BF4B-00C04F79EFBC}") = "TaxikostenConsole", "TaxikostenConsole\TaxikostenConsole.csproj", "{51310A56-F0E3-47B0-8588-881C4B687AF5}"
EndProject
Global
	GlobalSection(SolutionConfigurationPlatforms) = preSolution
		Debug|Any CPU = Debug|Any CPU
		Release|Any CPU = Release|Any CPU
	EndGlobalSection
	GlobalSection(ProjectConfigurationPlatforms) = postSolution
		{51310A56-F0E3-47B0-8588-881C4B687AF5}.Debug|Any CPU.ActiveCfg = Debug|Any CPU
		{51310A56-F0E3-47B0-8588-881C4B687AF5}.Debug|Any CPU.Build.0 = Debug|Any CPU
		{51310A56-F0E3-47B0-8588-881C4B687AF5}.Release|Any CPU.ActiveCfg = Release|Any CPU
		{51310A56-F0E3-47B0-8588-881C4B687AF5}.Release|Any CPU.Build.0 = Release|Any CPU
	EndGlobalSection
	GlobalSection(SolutionProperties) = preSolution
		HideSolutionNode = FALSE
	EndGlobalSection
	GlobalSection(ExtensibilityGlobals) = postSolution
		SolutionGuid = {707EDD22-69E8-4FDF-AC4A-876FA80BDC9E}
	EndGlobalSection
EndGlobal
